
Microsoft Visual Studio Solution File, Format Version 12.00
# Visual Studio Version 18
VisualStudioVersion = 18.5.11716.220
MinimumVisualStudioVersion = 10.0.40219.1
Project("{FAE04EC0-301F-11D3-BF4B-00C04F79EFBC}") = "CleverCache", "CleverCache.csproj", "{2D79F3CA-DFEC-479F-BCA5-06B1935B22F3}"
EndProject
Project("{FAE04EC0-301F-11D3-BF4B-00C04F79EFBC}") = "CleverCache.MediatR", "CleverCache.MediatR\CleverCache.MediatR.csproj", "{A1B2C3D4-E5F6-7890-ABCD-EF1234567890}"
EndProject
Project("{FAE04EC0-301F-11D3-BF4B-00C04F79EFBC}") = "CleverCache.Redis", "CleverCache.Redis\CleverCache.Redis.csproj", "{C6F2E0F4-2E5E-44DB-BF7D-E4861992FD72}"
EndProject
Project("{FAE04EC0-301F-11D3-BF4B-00C04F79EFBC}") = "CleverCache.Tests", "CleverCache.Tests\CleverCache.Tests.csproj", "{261F2368-C237-4CF0-A4C0-50E650D64412}"
EndProject
Project("{FAE04EC0-301F-11D3-BF4B-00C04F79EFBC}") = "CleverCache.EntityFrameworkCore", "CleverCache.EntityFrameworkCore\CleverCache.EntityFrameworkCore.csproj", "{96A9C78A-506E-4691-2C0B-35E0C678B967}"
EndProject
Project("{2150E333-8FDC-42A3-9474-1A3956D46DE8}") = ".github", ".github", "{C6C9B89B-A02A-48AA-94E4-D181F5BDB289}"
EndProject
Project("{2150E333-8FDC-42A3-9474-1A3956D46DE8}") = "workflows", "workflows", "{8D5E3E15-A947-4EC4-8E73-A99B45C8BA82}"
	ProjectSection(SolutionItems) = preProject
		.github\workflows\ci.yml = .github\workflows\ci.yml
		.github\workflows\publish-nuget.yml = .github\workflows\publish-nuget.yml
		.github\workflows\publish-wiki.yml = .github\workflows\publish-wiki.yml
		.github\workflows\update-about.yml = .github\workflows\update-about.yml
	EndProjectSection
EndProject
Global
	GlobalSection(SolutionConfigurationPlatforms) = preSolution
		Debug|Any CPU = Debug|Any CPU
		Debug|x64 = Debug|x64
		Debug|x86 = Debug|x86
		Release|Any CPU = Release|Any CPU
		Release|x64 = Release|x64
		Release|x86 = Release|x86
	EndGlobalSection
	GlobalSection(ProjectConfigurationPlatforms) = postSolution
		{2D79F3CA-DFEC-479F-BCA5-06B1935B22F3}.Debug|Any CPU.ActiveCfg = Debug|Any CPU
		{2D79F3CA-DFEC-479F-BCA5-06B1935B22F3}.Debug|Any CPU.Build.0 = Debug|Any CPU
		{2D79F3CA-DFEC-479F-BCA5-06B1935B22F3}.Debug|x64.ActiveCfg = Debug|Any CPU
		{2D79F3CA-DFEC-479F-BCA5-06B1935B22F3}.Debug|x64.Build.0 = Debug|Any CPU
		{2D79F3CA-DFEC-479F-BCA5-06B1935B22F3}.Debug|x86.ActiveCfg = Debug|Any CPU
		{2D79F3CA-DFEC-479F-BCA5-06B1935B22F3}.Debug|x86.Build.0 = Debug|Any CPU
		{2D79F3CA-DFEC-479F-BCA5-06B1935B22F3}.Release|Any CPU.ActiveCfg = Release|Any CPU
		{2D79F3CA-DFEC-479F-BCA5-06B1935B22F3}.Release|Any CPU.Build.0 = Release|Any CPU
		{2D79F3CA-DFEC-479F-BCA5-06B1935B22F3}.Release|x64.ActiveCfg = Release|Any CPU
		{2D79F3CA-DFEC-479F-BCA5-06B1935B22F3}.Release|x64.Build.0 = Release|Any CPU
		{2D79F3CA-DFEC-479F-BCA5-06B1935B22F3}.Release|x86.ActiveCfg = Release|Any CPU
		{2D79F3CA-DFEC-479F-BCA5-06B1935B22F3}.Release|x86.Build.0 = Release|Any CPU
		{A1B2C3D4-E5F6-7890-ABCD-EF1234567890}.Debug|Any CPU.ActiveCfg = Debug|Any CPU
		{A1B2C3D4-E5F6-7890-ABCD-EF1234567890}.Debug|Any CPU.Build.0 = Debug|Any CPU
		{A1B2C3D4-E5F6-7890-ABCD-EF1234567890}.Debug|x64.ActiveCfg = Debug|Any CPU
		{A1B2C3D4-E5F6-7890-ABCD-EF1234567890}.Debug|x64.Build.0 = Debug|Any CPU
		{A1B2C3D4-E5F6-7890-ABCD-EF1234567890}.Debug|x86.ActiveCfg = Debug|Any CPU
		{A1B2C3D4-E5F6-7890-ABCD-EF1234567890}.Debug|x86.Build.0 = Debug|Any CPU
		{A1B2C3D4-E5F6-7890-ABCD-EF1234567890}.Release|Any CPU.ActiveCfg = Release|Any CPU
		{A1B2C3D4-E5F6-7890-ABCD-EF1234567890}.Release|Any CPU.Build.0 = Release|Any CPU
		{A1B2C3D4-E5F6-7890-ABCD-EF1234567890}.Release|x64.ActiveCfg = Release|Any CPU
		{A1B2C3D4-E5F6-7890-ABCD-EF1234567890}.Release|x64.Build.0 = Release|Any CPU
		{A1B2C3D4-E5F6-7890-ABCD-EF1234567890}.Release|x86.ActiveCfg = Release|Any CPU
		{A1B2C3D4-E5F6-7890-ABCD-EF1234567890}.Release|x86.Build.0 = Release|Any CPU
		{C6F2E0F4-2E5E-44DB-BF7D-E4861992FD72}.Debug|Any CPU.ActiveCfg = Debug|Any CPU
		{C6F2E0F4-2E5E-44DB-BF7D-E4861992FD72}.Debug|Any CPU.Build.0 = Debug|Any CPU
		{C6F2E0F4-2E5E-44DB-BF7D-E4861992FD72}.Debug|x64.ActiveCfg = Debug|Any CPU
		{C6F2E0F4-2E5E-44DB-BF7D-E4861992FD72}.Debug|x64.Build.0 = Debug|Any CPU
		{C6F2E0F4-2E5E-44DB-BF7D-E4861992FD72}.Debug|x86.ActiveCfg = Debug|Any CPU
		{C6F2E0F4-2E5E-44DB-BF7D-E4861992FD72}.Debug|x86.Build.0 = Debug|Any CPU
		{C6F2E0F4-2E5E-44DB-BF7D-E4861992FD72}.Release|Any CPU.ActiveCfg = Release|Any CPU
		{C6F2E0F4-2E5E-44DB-BF7D-E4861992FD72}.Release|Any CPU.Build.0 = Release|Any CPU
		{C6F2E0F4-2E5E-44DB-BF7D-E4861992FD72}.Release|x64.ActiveCfg = Release|Any CPU
		{C6F2E0F4-2E5E-44DB-BF7D-E4861992FD72}.Release|x64.Build.0 = Release|Any CPU
		{C6F2E0F4-2E5E-44DB-BF7D-E4861992FD72}.Release|x86.ActiveCfg = Release|Any CPU
		{C6F2E0F4-2E5E-44DB-BF7D-E4861992FD72}.Release|x86.Build.0 = Release|Any CPU
		{261F2368-C237-4CF0-A4C0-50E650D64412}.Debug|Any CPU.ActiveCfg = Debug|Any CPU
		{261F2368-C237-4CF0-A4C0-50E650D64412}.Debug|Any CPU.Build.0 = Debug|Any CPU
		{261F2368-C237-4CF0-A4C0-50E650D64412}.Debug|x64.ActiveCfg = Debug|Any CPU
		{261F2368-C237-4CF0-A4C0-50E650D64412}.Debug|x64.Build.0 = Debug|Any CPU
		{261F2368-C237-4CF0-A4C0-50E650D64412}.Debug|x86.ActiveCfg = Debug|Any CPU
		{261F2368-C237-4CF0-A4C0-50E650D64412}.Debug|x86.Build.0 = Debug|Any CPU
		{261F2368-C237-4CF0-A4C0-50E650D64412}.Release|Any CPU.ActiveCfg = Release|Any CPU
		{261F2368-C237-4CF0-A4C0-50E650D64412}.Release|Any CPU.Build.0 = Release|Any CPU
		{261F2368-C237-4CF0-A4C0-50E650D64412}.Release|x64.ActiveCfg = Release|Any CPU
		{261F2368-C237-4CF0-A4C0-50E650D64412}.Release|x64.Build.0 = Release|Any CPU
		{261F2368-C237-4CF0-A4C0-50E650D64412}.Release|x86.ActiveCfg = Release|Any CPU
		{261F2368-C237-4CF0-A4C0-50E650D64412}.Release|x86.Build.0 = Release|Any CPU
		{96A9C78A-506E-4691-2C0B-35E0C678B967}.Debug|Any CPU.ActiveCfg = Debug|Any CPU
		{96A9C78A-506E-4691-2C0B-35E0C678B967}.Debug|Any CPU.Build.0 = Debug|Any CPU
		{96A9C78A-506E-4691-2C0B-35E0C678B967}.Debug|x64.ActiveCfg = Debug|Any CPU
		{96A9C78A-506E-4691-2C0B-35E0C678B967}.Debug|x64.Build.0 = Debug|Any CPU
		{96A9C78A-506E-4691-2C0B-35E0C678B967}.Debug|x86.ActiveCfg = Debug|Any CPU
		{96A9C78A-506E-4691-2C0B-35E0C678B967}.Debug|x86.Build.0 = Debug|Any CPU
		{96A9C78A-506E-4691-2C0B-35E0C678B967}.Release|Any CPU.ActiveCfg = Release|Any CPU
		{96A9C78A-506E-4691-2C0B-35E0C678B967}.Release|Any CPU.Build.0 = Release|Any CPU
		{96A9C78A-506E-4691-2C0B-35E0C678B967}.Release|x64.ActiveCfg = Release|Any CPU
		{96A9C78A-506E-4691-2C0B-35E0C678B967}.Release|x64.Build.0 = Release|Any CPU
		{96A9C78A-506E-4691-2C0B-35E0C678B967}.Release|x86.ActiveCfg = Release|Any CPU
		{96A9C78A-506E-4691-2C0B-35E0C678B967}.Release|x86.Build.0 = Release|Any CPU
	EndGlobalSection
	GlobalSection(SolutionProperties) = preSolution
		HideSolutionNode = FALSE
	EndGlobalSection
	GlobalSection(NestedProjects) = preSolution
		{8D5E3E15-A947-4EC4-8E73-A99B45C8BA82} = {C6C9B89B-A02A-48AA-94E4-D181F5BDB289}
	EndGlobalSection
	GlobalSection(ExtensibilityGlobals) = postSolution
		SolutionGuid = {5D6FA936-EAF9-4BA3-8509-8BA10E6D096A}
	EndGlobalSection
EndGlobal
